<?xml version="1.0" encoding="UTF-8"?>
<CodeBlocks_project_file>
	<FileVersion major="1" minor="6"/>
	<Project>
		<Option title="spaceInvaders"/>
		<Option makefile_is_custom="1"/>
		<Option compiler="gcc"/>
		<Option virtualFolders="CMake Files\;"/>
		<Build>
			<Target title="all">
				<Option working_dir="/home/ward/Documents/spaceInvaders"/>
				<Option type="4"/>
				<MakeCommands>
					<Build command="/usr/bin/make -f &quot;/home/ward/Documents/spaceInvaders/Makefile&quot;  VERBOSE=1 all"/>
					<CompileFile command="/usr/bin/make -f &quot;/home/ward/Documents/spaceInvaders/Makefile&quot;  VERBOSE=1 &quot;$file&quot;"/>
					<Clean command="/usr/bin/make -f &quot;/home/ward/Documents/spaceInvaders/Makefile&quot;  VERBOSE=1 clean"/>
					<DistClean command="/usr/bin/make -f &quot;/home/ward/Documents/spaceInvaders/Makefile&quot;  VERBOSE=1 clean"/>
				</MakeCommands>
			</Target>
			<Target title="rebuild_cache">
				<Option working_dir="/home/ward/Documents/spaceInvaders"/>
				<Option type="4"/>
				<MakeCommands>
					<Build command="/usr/bin/make -f &quot;/home/ward/Documents/spaceInvaders/Makefile&quot;  VERBOSE=1 rebuild_cache"/>
					<CompileFile command="/usr/bin/make -f &quot;/home/ward/Documents/spaceInvaders/Makefile&quot;  VERBOSE=1 &quot;$file&quot;"/>
					<Clean command="/usr/bin/make -f &quot;/home/ward/Documents/spaceInvaders/Makefile&quot;  VERBOSE=1 clean"/>
					<DistClean command="/usr/bin/make -f &quot;/home/ward/Documents/spaceInvaders/Makefile&quot;  VERBOSE=1 clean"/>
				</MakeCommands>
			</Target>
			<Target title="SI">
				<Option output="/home/ward/Documents/spaceInvaders/SI" prefix_auto="0" extension_auto="0"/>
				<Option working_dir="/home/ward/Documents/spaceInvaders"/>
				<Option object_output="./"/>
				<Option type="1"/>
				<Option compiler="gcc"/>
				<Compiler/>
				<MakeCommands>
					<Build command="/usr/bin/make -f &quot;/home/ward/Documents/spaceInvaders/Makefile&quot;  VERBOSE=1 SI"/>
					<CompileFile command="/usr/bin/make -f &quot;/home/ward/Documents/spaceInvaders/Makefile&quot;  VERBOSE=1 &quot;$file&quot;"/>
					<Clean command="/usr/bin/make -f &quot;/home/ward/Documents/spaceInvaders/Makefile&quot;  VERBOSE=1 clean"/>
					<DistClean command="/usr/bin/make -f &quot;/home/ward/Documents/spaceInvaders/Makefile&quot;  VERBOSE=1 clean"/>
				</MakeCommands>
			</Target>
			<Target title="SI/fast">
				<Option output="/home/ward/Documents/spaceInvaders/SI" prefix_auto="0" extension_auto="0"/>
				<Option working_dir="/home/ward/Documents/spaceInvaders"/>
				<Option object_output="./"/>
				<Option type="1"/>
				<Option compiler="gcc"/>
				<Compiler/>
				<MakeCommands>
					<Build command="/usr/bin/make -f &quot;/home/ward/Documents/spaceInvaders/Makefile&quot;  VERBOSE=1 SI/fast"/>
					<CompileFile command="/usr/bin/make -f &quot;/home/ward/Documents/spaceInvaders/Makefile&quot;  VERBOSE=1 &quot;$file&quot;"/>
					<Clean command="/usr/bin/make -f &quot;/home/ward/Documents/spaceInvaders/Makefile&quot;  VERBOSE=1 clean"/>
					<DistClean command="/usr/bin/make -f &quot;/home/ward/Documents/spaceInvaders/Makefile&quot;  VERBOSE=1 clean"/>
				</MakeCommands>
			</Target>
			<Target title="edit_cache">
				<Option working_dir="/home/ward/Documents/spaceInvaders"/>
				<Option type="4"/>
				<MakeCommands>
					<Build command="/usr/bin/make -f &quot;/home/ward/Documents/spaceInvaders/Makefile&quot;  VERBOSE=1 edit_cache"/>
					<CompileFile command="/usr/bin/make -f &quot;/home/ward/Documents/spaceInvaders/Makefile&quot;  VERBOSE=1 &quot;$file&quot;"/>
					<Clean command="/usr/bin/make -f &quot;/home/ward/Documents/spaceInvaders/Makefile&quot;  VERBOSE=1 clean"/>
					<DistClean command="/usr/bin/make -f &quot;/home/ward/Documents/spaceInvaders/Makefile&quot;  VERBOSE=1 clean"/>
				</MakeCommands>
			</Target>
		</Build>
		<Unit filename="/home/ward/Documents/spaceInvaders/src/controllers/enemy.cpp">
			<Option target="SI"/>
		</Unit>
		<Unit filename="/home/ward/Documents/spaceInvaders/src/controllers/enemy.h">
			<Option target="SI"/>
		</Unit>
		<Unit filename="/home/ward/Documents/spaceInvaders/src/controllers/entity.cpp">
			<Option target="SI"/>
		</Unit>
		<Unit filename="/home/ward/Documents/spaceInvaders/src/controllers/entity.h">
			<Option target="SI"/>
		</Unit>
		<Unit filename="/home/ward/Documents/spaceInvaders/src/controllers/physicalEntity.cpp">
			<Option target="SI"/>
		</Unit>
		<Unit filename="/home/ward/Documents/spaceInvaders/src/controllers/physicalEntity.h">
			<Option target="SI"/>
		</Unit>
		<Unit filename="/home/ward/Documents/spaceInvaders/src/controllers/player.cpp">
			<Option target="SI"/>
		</Unit>
		<Unit filename="/home/ward/Documents/spaceInvaders/src/controllers/player.h">
			<Option target="SI"/>
		</Unit>
		<Unit filename="/home/ward/Documents/spaceInvaders/src/controllers/world.cpp">
			<Option target="SI"/>
		</Unit>
		<Unit filename="/home/ward/Documents/spaceInvaders/src/controllers/world.h">
			<Option target="SI"/>
		</Unit>
		<Unit filename="/home/ward/Documents/spaceInvaders/src/main.cpp">
			<Option target="SI"/>
		</Unit>
		<Unit filename="/home/ward/Documents/spaceInvaders/src/models/bullet.cpp">
			<Option target="SI"/>
		</Unit>
		<Unit filename="/home/ward/Documents/spaceInvaders/src/models/bullet.h">
			<Option target="SI"/>
		</Unit>
		<Unit filename="/home/ward/Documents/spaceInvaders/src/models/enemy.cpp">
			<Option target="SI"/>
		</Unit>
		<Unit filename="/home/ward/Documents/spaceInvaders/src/models/enemy.h">
			<Option target="SI"/>
		</Unit>
		<Unit filename="/home/ward/Documents/spaceInvaders/src/models/entity.cpp">
			<Option target="SI"/>
		</Unit>
		<Unit filename="/home/ward/Documents/spaceInvaders/src/models/entity.h">
			<Option target="SI"/>
		</Unit>
		<Unit filename="/home/ward/Documents/spaceInvaders/src/models/explosion.cpp">
			<Option target="SI"/>
		</Unit>
		<Unit filename="/home/ward/Documents/spaceInvaders/src/models/explosion.h">
			<Option target="SI"/>
		</Unit>
		<Unit filename="/home/ward/Documents/spaceInvaders/src/models/physicalEntity.cpp">
			<Option target="SI"/>
		</Unit>
		<Unit filename="/home/ward/Documents/spaceInvaders/src/models/physicalEntity.h">
			<Option target="SI"/>
		</Unit>
		<Unit filename="/home/ward/Documents/spaceInvaders/src/models/player.cpp">
			<Option target="SI"/>
		</Unit>
		<Unit filename="/home/ward/Documents/spaceInvaders/src/models/player.h">
			<Option target="SI"/>
		</Unit>
		<Unit filename="/home/ward/Documents/spaceInvaders/src/models/shield.cpp">
			<Option target="SI"/>
		</Unit>
		<Unit filename="/home/ward/Documents/spaceInvaders/src/models/shield.h">
			<Option target="SI"/>
		</Unit>
		<Unit filename="/home/ward/Documents/spaceInvaders/src/models/spaceShip.cpp">
			<Option target="SI"/>
		</Unit>
		<Unit filename="/home/ward/Documents/spaceInvaders/src/models/spaceShip.h">
			<Option target="SI"/>
		</Unit>
		<Unit filename="/home/ward/Documents/spaceInvaders/src/models/wave.cpp">
			<Option target="SI"/>
		</Unit>
		<Unit filename="/home/ward/Documents/spaceInvaders/src/models/wave.h">
			<Option target="SI"/>
		</Unit>
		<Unit filename="/home/ward/Documents/spaceInvaders/src/models/world.cpp">
			<Option target="SI"/>
		</Unit>
		<Unit filename="/home/ward/Documents/spaceInvaders/src/models/world.h">
			<Option target="SI"/>
		</Unit>
		<Unit filename="/home/ward/Documents/spaceInvaders/src/spaceInvaders.cpp">
			<Option target="SI"/>
		</Unit>
		<Unit filename="/home/ward/Documents/spaceInvaders/src/spaceInvaders.h">
			<Option target="SI"/>
		</Unit>
		<Unit filename="/home/ward/Documents/spaceInvaders/src/utils/assets.cpp">
			<Option target="SI"/>
		</Unit>
		<Unit filename="/home/ward/Documents/spaceInvaders/src/utils/assets.h">
			<Option target="SI"/>
		</Unit>
		<Unit filename="/home/ward/Documents/spaceInvaders/src/utils/event.h">
			<Option target="SI"/>
		</Unit>
		<Unit filename="/home/ward/Documents/spaceInvaders/src/utils/json.h">
			<Option target="SI"/>
		</Unit>
		<Unit filename="/home/ward/Documents/spaceInvaders/src/utils/key.h">
			<Option target="SI"/>
		</Unit>
		<Unit filename="/home/ward/Documents/spaceInvaders/src/utils/observer.cpp">
			<Option target="SI"/>
		</Unit>
		<Unit filename="/home/ward/Documents/spaceInvaders/src/utils/observer.h">
			<Option target="SI"/>
		</Unit>
		<Unit filename="/home/ward/Documents/spaceInvaders/src/utils/stopWatch.cpp">
			<Option target="SI"/>
		</Unit>
		<Unit filename="/home/ward/Documents/spaceInvaders/src/utils/stopWatch.h">
			<Option target="SI"/>
		</Unit>
		<Unit filename="/home/ward/Documents/spaceInvaders/src/utils/transformation.cpp">
			<Option target="SI"/>
		</Unit>
		<Unit filename="/home/ward/Documents/spaceInvaders/src/utils/transformation.h">
			<Option target="SI"/>
		</Unit>
		<Unit filename="/home/ward/Documents/spaceInvaders/src/utils/vector.cpp">
			<Option target="SI"/>
		</Unit>
		<Unit filename="/home/ward/Documents/spaceInvaders/src/utils/vector.h">
			<Option target="SI"/>
		</Unit>
		<Unit filename="/home/ward/Documents/spaceInvaders/src/views/bullet.cpp">
			<Option target="SI"/>
		</Unit>
		<Unit filename="/home/ward/Documents/spaceInvaders/src/views/bullet.h">
			<Option target="SI"/>
		</Unit>
		<Unit filename="/home/ward/Documents/spaceInvaders/src/views/display.cpp">
			<Option target="SI"/>
		</Unit>
		<Unit filename="/home/ward/Documents/spaceInvaders/src/views/display.h">
			<Option target="SI"/>
		</Unit>
		<Unit filename="/home/ward/Documents/spaceInvaders/src/views/enemy.cpp">
			<Option target="SI"/>
		</Unit>
		<Unit filename="/home/ward/Documents/spaceInvaders/src/views/enemy.h">
			<Option target="SI"/>
		</Unit>
		<Unit filename="/home/ward/Documents/spaceInvaders/src/views/entity.cpp">
			<Option target="SI"/>
		</Unit>
		<Unit filename="/home/ward/Documents/spaceInvaders/src/views/entity.h">
			<Option target="SI"/>
		</Unit>
		<Unit filename="/home/ward/Documents/spaceInvaders/src/views/explosion.cpp">
			<Option target="SI"/>
		</Unit>
		<Unit filename="/home/ward/Documents/spaceInvaders/src/views/explosion.h">
			<Option target="SI"/>
		</Unit>
		<Unit filename="/home/ward/Documents/spaceInvaders/src/views/physicalEntity.cpp">
			<Option target="SI"/>
		</Unit>
		<Unit filename="/home/ward/Documents/spaceInvaders/src/views/physicalEntity.h">
			<Option target="SI"/>
		</Unit>
		<Unit filename="/home/ward/Documents/spaceInvaders/src/views/player.cpp">
			<Option target="SI"/>
		</Unit>
		<Unit filename="/home/ward/Documents/spaceInvaders/src/views/player.h">
			<Option target="SI"/>
		</Unit>
		<Unit filename="/home/ward/Documents/spaceInvaders/src/views/shield.cpp">
			<Option target="SI"/>
		</Unit>
		<Unit filename="/home/ward/Documents/spaceInvaders/src/views/shield.h">
			<Option target="SI"/>
		</Unit>
		<Unit filename="/home/ward/Documents/spaceInvaders/src/views/spaceShip.cpp">
			<Option target="SI"/>
		</Unit>
		<Unit filename="/home/ward/Documents/spaceInvaders/src/views/spaceShip.h">
			<Option target="SI"/>
		</Unit>
		<Unit filename="/home/ward/Documents/spaceInvaders/src/views/wave.cpp">
			<Option target="SI"/>
		</Unit>
		<Unit filename="/home/ward/Documents/spaceInvaders/src/views/wave.h">
			<Option target="SI"/>
		</Unit>
		<Unit filename="/home/ward/Documents/spaceInvaders/src/views/world.cpp">
			<Option target="SI"/>
		</Unit>
		<Unit filename="/home/ward/Documents/spaceInvaders/src/views/world.h">
			<Option target="SI"/>
		</Unit>
		<Unit filename="/home/ward/Documents/spaceInvaders/CMakeLists.txt">
			<Option virtualFolder="CMake Files\"/>
		</Unit>
	</Project>
</CodeBlocks_project_file>
